
Microsoft Visual Studio Solution File, Format Version 12.00
# Visual Studio Version 17
VisualStudioVersion = 17.5.33502.453
MinimumVisualStudioVersion = 10.0.40219.1
Project("{FAE04EC0-301F-11D3-BF4B-00C04F79EFBC}") = "CarAPI", "CarAPI.csproj", "{39C49B02-A97C-468F-9714-6C6EC73AE01D}"
EndProject
Global
	GlobalSection(SolutionConfigurationPlatforms) = preSolution
		Debug|Any CPU = Debug|Any CPU
		Release|Any CPU = Release|Any CPU
	EndGlobalSection
	GlobalSection(ProjectConfigurationPlatforms) = postSolution
		{39C49B02-A97C-468F-9714-6C6EC73AE01D}.Debug|Any CPU.ActiveCfg = Debug|Any CPU
		{39C49B02-A97C-468F-9714-6C6EC73AE01D}.Debug|Any CPU.Build.0 = Debug|Any CPU
		{39C49B02-A97C-468F-9714-6C6EC73AE01D}.Release|Any CPU.ActiveCfg = Release|Any CPU
		{39C49B02-A97C-468F-9714-6C6EC73AE01D}.Release|Any CPU.Build.0 = Release|Any CPU
	EndGlobalSection
	GlobalSection(SolutionProperties) = preSolution
		HideSolutionNode = FALSE
	EndGlobalSection
	GlobalSection(ExtensibilityGlobals) = postSolution
		SolutionGuid = {28DEEB0C-3C07-4B75-A1EC-B690280E5BE4}
	EndGlobalSection
EndGlobal
